Microsoft Visual Studio Solution File, Format Version 12.00
# Visual Studio Version 17
VisualStudioVersion = 17.0.31903.59
MinimumVisualStudioVersion = 10.0.40219.1
Project("{FAE04EC0-301F-11D3-BF4B-00C04F79EFBC}") = "Jellyfin.Plugin.Jable", "Jellyfin.Plugin.Jable/Jellyfin.Plugin.Jable.csproj", "{1C6A0A13-1A82-485D-906F-697A794EBDCD}"
EndProject
Project("{FAE04EC0-301F-11D3-BF4B-00C04F79EFBC}") = "Jellyfin.Plugin.Jable.Tests", "Jellyfin.Plugin.Jable.Tests/Jellyfin.Plugin.Jable.Tests.csproj", "{584D3F5B-A4E7-4F2A-96E3-D6D9D0009E2F}"
EndProject
Global
	GlobalSection(SolutionConfigurationPlatforms) = preSolution
		Debug|Any CPU = Debug|Any CPU
		Release|Any CPU = Release|Any CPU
	EndGlobalSection
	GlobalSection(ProjectConfigurationPlatforms) = postSolution
		{1C6A0A13-1A82-485D-906F-697A794EBDCD}.Debug|Any CPU.ActiveCfg = Debug|Any CPU
		{1C6A0A13-1A82-485D-906F-697A794EBDCD}.Debug|Any CPU.Build.0 = Debug|Any CPU
		{1C6A0A13-1A82-485D-906F-697A794EBDCD}.Release|Any CPU.ActiveCfg = Release|Any CPU
		{1C6A0A13-1A82-485D-906F-697A794EBDCD}.Release|Any CPU.Build.0 = Release|Any CPU
		{584D3F5B-A4E7-4F2A-96E3-D6D9D0009E2F}.Debug|Any CPU.ActiveCfg = Debug|Any CPU
		{584D3F5B-A4E7-4F2A-96E3-D6D9D0009E2F}.Debug|Any CPU.Build.0 = Debug|Any CPU
		{584D3F5B-A4E7-4F2A-96E3-D6D9D0009E2F}.Release|Any CPU.ActiveCfg = Release|Any CPU
		{584D3F5B-A4E7-4F2A-96E3-D6D9D0009E2F}.Release|Any CPU.Build.0 = Release|Any CPU
	EndGlobalSection
EndGlobal
